// !$*UTF8*$!
{
	archiveVersion = 1;
	classes = {
	};
	objectVersion = 50;
	objects = {

/* Begin PBXBuildFile section */
		3FC630052147DC8600B747A0 /* AppDelegate.m in Sources */ = {isa = PBXBuildFile; fileRef = 3FC630042147DC8600B747A0 /* AppDelegate.m */; };
		3FC630082147DC8600B747A0 /* ViewController.m in Sources */ = {isa = PBXBuildFile; fileRef = 3FC630072147DC8600B747A0 /* ViewController.m */; };
		3FC6300B2147DC8600B747A0 /* Main.storyboard in Resources */ = {isa = PBXBuildFile; fileRef = 3FC630092147DC8600B747A0 /* Main.storyboard */; };
		3FC6300D2147DC8800B747A0 /* Assets.xcassets in Resources */ = {isa = PBXBuildFile; fileRef = 3FC6300C2147DC8800B747A0 /* Assets.xcassets */; };
		3FC630102147DC8800B747A0 /* LaunchScreen.storyboard in Resources */ = {isa = PBXBuildFile; fileRef = 3FC6300E2147DC8800B747A0 /* LaunchScreen.storyboard */; };
		3FC630132147DC8800B747A0 /* main.m in Sources */ = {isa = PBXBuildFile; fileRef = 3FC630122147DC8800B747A0 /* main.m */; };
		3FC6301D2147DC8800B747A0 /* HXRouterTests.m in Sources */ = {isa = PBXBuildFile; fileRef = 3FC6301C2147DC8800B747A0 /* HXRouterTests.m */; };
		3FC630282147DC8800B747A0 /* HXRouterUITests.m in Sources */ = {isa = PBXBuildFile; fileRef = 3FC630272147DC8800B747A0 /* HXRouterUITests.m */; };
		3FC630442147DCA400B747A0 /* HXRouteRequest.m in Sources */ = {isa = PBXBuildFile; fileRef = 3FC630362147DCA400B747A0 /* HXRouteRequest.m */; };
		3FC630452147DCA400B747A0 /* HXRouteFunction.m in Sources */ = {isa = PBXBuildFile; fileRef = 3FC630382147DCA400B747A0 /* HXRouteFunction.m */; };
		3FC630462147DCA400B747A0 /* HXURLRouter.m in Sources */ = {isa = PBXBuildFile; fileRef = 3FC630392147DCA400B747A0 /* HXURLRouter.m */; };
		3FC630472147DCA400B747A0 /* HXRouteRecode.m in Sources */ = {isa = PBXBuildFile; fileRef = 3FC6303B2147DCA400B747A0 /* HXRouteRecode.m */; };
		3FC630482147DCA400B747A0 /* HXURLContext.m in Sources */ = {isa = PBXBuildFile; fileRef = 3FC6303D2147DCA400B747A0 /* HXURLContext.m */; };
		3FC630492147DCA400B747A0 /* UIViewController+THXRouter.m in Sources */ = {isa = PBXBuildFile; fileRef = 3FC630432147DCA400B747A0 /* UIViewController+THXRouter.m */; };
/* End PBXBuildFile section */

/* Begin PBXContainerItemProxy section */
		3FC630192147DC8800B747A0 /* PBXContainerItemProxy */ = {
			isa = PBXContainerItemProxy;
			containerPortal = 3FC62FF82147DC8600B747A0 /* Project object */;
			proxyType = 1;
			remoteGlobalIDString = 3FC62FFF2147DC8600B747A0;
			remoteInfo = HXRouter;
		};
		3FC630242147DC8800B747A0 /* PBXContainerItemProxy */ = {
			isa = PBXContainerItemProxy;
			containerPortal = 3FC62FF82147DC8600B747A0 /* Project object */;
			proxyType = 1;
			remoteGlobalIDString = 3FC62FFF2147DC8600B747A0;
			remoteInfo = HXRouter;
		};
/* End PBXContainerItemProxy section */

/* Begin PBXFileReference section */
		3FC630002147DC8600B747A0 /* HXRouter.app */ = {isa = PBXFileReference; explicitFileType = wrapper.application; includeInIndex = 0; path = HXRouter.app; sourceTree = BUILT_PRODUCTS_DIR; };
		3FC630032147DC8600B747A0 /* AppDelegate.h */ = {isa = PBXFileReference; lastKnownFileType = sourcecode.c.h; path = AppDelegate.h; sourceTree = "<group>"; };
		3FC630042147DC8600B747A0 /* AppDelegate.m */ = {isa = PBXFileReference; lastKnownFileType = sourcecode.c.objc; path = AppDelegate.m; sourceTree = "<group>"; };
		3FC630062147DC8600B747A0 /* ViewController.h */ = {isa = PBXFileReference; lastKnownFileType = sourcecode.c.h; path = ViewController.h; sourceTree = "<group>"; };
		3FC630072147DC8600B747A0 /* ViewController.m */ = {isa = PBXFileReference; lastKnownFileType = sourcecode.c.objc; path = ViewController.m; sourceTree = "<group>"; };
		3FC6300A2147DC8600B747A0 /* Base */ = {isa = PBXFileReference; lastKnownFileType = file.storyboard; name = Base; path = Base.lproj/Main.storyboard; sourceTree = "<group>"; };
		3FC6300C2147DC8800B747A0 /* Assets.xcassets */ = {isa = PBXFileReference; lastKnownFileType = folder.assetcatalog; path = Assets.xcassets; sourceTree = "<group>"; };
		3FC6300F2147DC8800B747A0 /* Base */ = {isa = PBXFileReference; lastKnownFileType = file.storyboard; name = Base; path = Base.lproj/LaunchScreen.storyboard; sourceTree = "<group>"; };
		3FC630112147DC8800B747A0 /* Info.plist */ = {isa = PBXFileReference; lastKnownFileType = text.plist.xml; path = Info.plist; sourceTree = "<group>"; };
		3FC630122147DC8800B747A0 /* main.m */ = {isa = PBXFileReference; lastKnownFileType = sourcecode.c.objc; path = main.m; sourceTree = "<group>"; };
		3FC630182147DC8800B747A0 /* HXRouterTests.xctest */ = {isa = PBXFileReference; explicitFileType = wrapper.cfbundle; includeInIndex = 0; path = HXRouterTests.xctest; sourceTree = BUILT_PRODUCTS_DIR; };
		3FC6301C2147DC8800B747A0 /* HXRouterTests.m */ = {isa = PBXFileReference; lastKnownFileType = sourcecode.c.objc; path = HXRouterTests.m; sourceTree = "<group>"; };
		3FC6301E2147DC8800B747A0 /* Info.plist */ = {isa = PBXFileReference; lastKnownFileType = text.plist.xml; path = Info.plist; sourceTree = "<group>"; };
		3FC630232147DC8800B747A0 /* HXRouterUITests.xctest */ = {isa = PBXFileReference; explicitFileType = wrapper.cfbundle; includeInIndex = 0; path = HXRouterUITests.xctest; sourceTree = BUILT_PRODUCTS_DIR; };
		3FC630272147DC8800B747A0 /* HXRouterUITests.m */ = {isa = PBXFileReference; lastKnownFileType = sourcecode.c.objc; path = HXRouterUITests.m; sourceTree = "<group>"; };
		3FC630292147DC8800B747A0 /* Info.plist */ = {isa = PBXFileReference; lastKnownFileType = text.plist.xml; path = Info.plist; sourceTree = "<group>"; };
		3FC630362147DCA400B747A0 /* HXRouteRequest.m */ = {isa = PBXFileReference; fileEncoding = 4; lastKnownFileType = sourcecode.c.objc; path = HXRouteRequest.m; sourceTree = "<group>"; };
		3FC630372147DCA400B747A0 /* HXURLContext.h */ = {isa = PBXFileReference; fileEncoding = 4; lastKnownFileType = sourcecode.c.h; path = HXURLContext.h; sourceTree = "<group>"; };
		3FC630382147DCA400B747A0 /* HXRouteFunction.m */ = {isa = PBXFileReference; fileEncoding = 4; lastKnownFileType = sourcecode.c.objc; path = HXRouteFunction.m; sourceTree = "<group>"; };
		3FC630392147DCA400B747A0 /* HXURLRouter.m */ = {isa = PBXFileReference; fileEncoding = 4; lastKnownFileType = sourcecode.c.objc; path = HXURLRouter.m; sourceTree = "<group>"; };
		3FC6303A2147DCA400B747A0 /* UIViewController+THXRouter.h */ = {isa = PBXFileReference; fileEncoding = 4; lastKnownFileType = sourcecode.c.h; path = "UIViewController+THXRouter.h"; sourceTree = "<group>"; };
		3FC6303B2147DCA400B747A0 /* HXRouteRecode.m */ = {isa = PBXFileReference; fileEncoding = 4; lastKnownFileType = sourcecode.c.objc; path = HXRouteRecode.m; sourceTree = "<group>"; };
		3FC6303C2147DCA400B747A0 /* HXRouteRequest.h */ = {isa = PBXFileReference; fileEncoding = 4; lastKnownFileType = sourcecode.c.h; path = HXRouteRequest.h; sourceTree = "<group>"; };
		3FC6303D2147DCA400B747A0 /* HXURLContext.m */ = {isa = PBXFileReference; fileEncoding = 4; lastKnownFileType = sourcecode.c.objc; path = HXURLContext.m; sourceTree = "<group>"; };
		3FC6303E2147DCA400B747A0 /* HXRouterProtocol.h */ = {isa = PBXFileReference; fileEncoding = 4; lastKnownFileType = sourcecode.c.h; path = HXRouterProtocol.h; sourceTree = "<group>"; };
		3FC6303F2147DCA400B747A0 /* HXRouterURLHeader.h */ = {isa = PBXFileReference; fileEncoding = 4; lastKnownFileType = sourcecode.c.h; path = HXRouterURLHeader.h; sourceTree = "<group>"; };
		3FC630402147DCA400B747A0 /* HXURLRouter.h */ = {isa = PBXFileReference; fileEncoding = 4; lastKnownFileType = sourcecode.c.h; path = HXURLRouter.h; sourceTree = "<group>"; };
		3FC630412147DCA400B747A0 /* HXRouteFunction.h */ = {isa = PBXFileReference; fileEncoding = 4; lastKnownFileType = sourcecode.c.h; path = HXRouteFunction.h; sourceTree = "<group>"; };
		3FC630422147DCA400B747A0 /* HXRouteRecode.h */ = {isa = PBXFileReference; fileEncoding = 4; lastKnownFileType = sourcecode.c.h; path = HXRouteRecode.h; sourceTree = "<group>"; };
		3FC630432147DCA400B747A0 /* UIViewController+THXRouter.m */ = {isa = PBXFileReference; fileEncoding = 4; lastKnownFileType = sourcecode.c.objc; path = "UIViewController+THXRouter.m"; sourceTree = "<group>"; };
/* End PBXFileReference section */

/* Begin PBXFrameworksBuildPhase section */
		3FC62FFD2147DC8600B747A0 /* Frameworks */ = {
			isa = PBXFrameworksBuildPhase;
			buildActionMask = 2147483647;
			files = (
			);
			runOnlyForDeploymentPostprocessing = 0;
		};
		3FC630152147DC8800B747A0 /* Frameworks */ = {
			isa = PBXFrameworksBuildPhase;
			buildActionMask = 2147483647;
			files = (
			);
			runOnlyForDeploymentPostprocessing = 0;
		};
		3FC630202147DC8800B747A0 /* Frameworks */ = {
			isa = PBXFrameworksBuildPhase;
			buildActionMask = 2147483647;
			files = (
			);
			runOnlyForDeploymentPostprocessing = 0;
		};
/* End PBXFrameworksBuildPhase section */

/* Begin PBXGroup section */
		3FC62FF72147DC8600B747A0 = {
			isa = PBXGroup;
			children = (
				3FC630022147DC8600B747A0 /* HXRouter */,
				3FC6301B2147DC8800B747A0 /* HXRouterTests */,
				3FC630262147DC8800B747A0 /* HXRouterUITests */,
				3FC630012147DC8600B747A0 /* Products */,
			);
			sourceTree = "<group>";
		};
		3FC630012147DC8600B747A0 /* Products */ = {
			isa = PBXGroup;
			children = (
				3FC630002147DC8600B747A0 /* HXRouter.app */,
				3FC630182147DC8800B747A0 /* HXRouterTests.xctest */,
				3FC630232147DC8800B747A0 /* HXRouterUITests.xctest */,
			);
			name = Products;
			sourceTree = "<group>";
		};
		3FC630022147DC8600B747A0 /* HXRouter */ = {
			isa = PBXGroup;
			children = (
				3FC630352147DCA400B747A0 /* HXURLRouter */,
				3FC630032147DC8600B747A0 /* AppDelegate.h */,
				3FC630042147DC8600B747A0 /* AppDelegate.m */,
				3FC630062147DC8600B747A0 /* ViewController.h */,
				3FC630072147DC8600B747A0 /* ViewController.m */,
				3FC630092147DC8600B747A0 /* Main.storyboard */,
				3FC6300C2147DC8800B747A0 /* Assets.xcassets */,
				3FC6300E2147DC8800B747A0 /* LaunchScreen.storyboard */,
				3FC630112147DC8800B747A0 /* Info.plist */,
				3FC630122147DC8800B747A0 /* main.m */,
			);
			path = HXRouter;
			sourceTree = "<group>";
		};
		3FC6301B2147DC8800B747A0 /* HXRouterTests */ = {
			isa = PBXGroup;
			children = (
				3FC6301C2147DC8800B747A0 /* HXRouterTests.m */,
				3FC6301E2147DC8800B747A0 /* Info.plist */,
			);
			path = HXRouterTests;
			sourceTree = "<group>";
		};
		3FC630262147DC8800B747A0 /* HXRouterUITests */ = {
			isa = PBXGroup;
			children = (
				3FC630272147DC8800B747A0 /* HXRouterUITests.m */,
				3FC630292147DC8800B747A0 /* Info.plist */,
			);
			path = HXRouterUITests;
			sourceTree = "<group>";
		};
		3FC630352147DCA400B747A0 /* HXURLRouter */ = {
			isa = PBXGroup;
			children = (
				3FC630402147DCA400B747A0 /* HXURLRouter.h */,
				3FC630392147DCA400B747A0 /* HXURLRouter.m */,
				3FC6303C2147DCA400B747A0 /* HXRouteRequest.h */,
				3FC630362147DCA400B747A0 /* HXRouteRequest.m */,
				3FC630422147DCA400B747A0 /* HXRouteRecode.h */,
				3FC6303B2147DCA400B747A0 /* HXRouteRecode.m */,
				3FC630372147DCA400B747A0 /* HXURLContext.h */,
				3FC6303D2147DCA400B747A0 /* HXURLContext.m */,
				3FC630412147DCA400B747A0 /* HXRouteFunction.h */,
				3FC630382147DCA400B747A0 /* HXRouteFunction.m */,
				3FC6303E2147DCA400B747A0 /* HXRouterProtocol.h */,
				3FC6303F2147DCA400B747A0 /* HXRouterURLHeader.h */,
				3FC6303A2147DCA400B747A0 /* UIViewController+THXRouter.h */,
				3FC630432147DCA400B747A0 /* UIViewController+THXRouter.m */,
			);
			path = HXURLRouter;
			sourceTree = "<group>";
		};
/* End PBXGroup section */

/* Begin PBXNativeTarget section */
		3FC62FFF2147DC8600B747A0 /* HXRouter */ = {
			isa = PBXNativeTarget;
			buildConfigurationList = 3FC6302C2147DC8800B747A0 /* Build configuration list for PBXNativeTarget "HXRouter" */;
			buildPhases = (
				3FC62FFC2147DC8600B747A0 /* Sources */,
				3FC62FFD2147DC8600B747A0 /* Frameworks */,
				3FC62FFE2147DC8600B747A0 /* Resources */,
			);
			buildRules = (
			);
			dependencies = (
			);
			name = HXRouter;
			productName = HXRouter;
			productReference = 3FC630002147DC8600B747A0 /* HXRouter.app */;
			productType = "com.apple.product-type.application";
		};
		3FC630172147DC8800B747A0 /* HXRouterTests */ = {
			isa = PBXNativeTarget;
			buildConfigurationList = 3FC6302F2147DC8800B747A0 /* Build configuration list for PBXNativeTarget "HXRouterTests" */;
			buildPhases = (
				3FC630142147DC8800B747A0 /* Sources */,
				3FC630152147DC8800B747A0 /* Frameworks */,
				3FC630162147DC8800B747A0 /* Resources */,
			);
			buildRules = (
			);
			dependencies = (
				3FC6301A2147DC8800B747A0 /* PBXTargetDependency */,
			);
			name = HXRouterTests;
			productName = HXRouterTests;
			productReference = 3FC630182147DC8800B747A0 /* HXRouterTests.xctest */;
			productType = "com.apple.product-type.bundle.unit-test";
		};
		3FC630222147DC8800B747A0 /* HXRouterUITests */ = {
			isa = PBXNativeTarget;
			buildConfigurationList = 3FC630322147DC8800B747A0 /* Build configuration list for PBXNativeTarget "HXRouterUITests" */;
			buildPhases = (
				3FC6301F2147DC8800B747A0 /* Sources */,
				3FC630202147DC8800B747A0 /* Frameworks */,
				3FC630212147DC8800B747A0 /* Resources */,
			);
			buildRules = (
			);
			dependencies = (
				3FC630252147DC8800B747A0 /* PBXTargetDependency */,
			);
			name = HXRouterUITests;
			productName = HXRouterUITests;
			productReference = 3FC630232147DC8800B747A0 /* HXRouterUITests.xctest */;
			productType = "com.apple.product-type.bundle.ui-testing";
		};
/* End PBXNativeTarget section */

/* Begin PBXProject section */
		3FC62FF82147DC8600B747A0 /* Project object */ = {
			isa = PBXProject;
			attributes = {
				LastUpgradeCheck = 0940;
				ORGANIZATIONNAME = TAL;
				TargetAttributes = {
					3FC62FFF2147DC8600B747A0 = {
						CreatedOnToolsVersion = 9.4.1;
					};
					3FC630172147DC8800B747A0 = {
						CreatedOnToolsVersion = 9.4.1;
						TestTargetID = 3FC62FFF2147DC8600B747A0;
					};
					3FC630222147DC8800B747A0 = {
						CreatedOnToolsVersion = 9.4.1;
						TestTargetID = 3FC62FFF2147DC8600B747A0;
					};
				};
			};
			buildConfigurationList = 3FC62FFB2147DC8600B747A0 /* Build configuration list for PBXProject "HXRouter" */;
			compatibilityVersion = "Xcode 9.3";
			developmentRegion = en;
			hasScannedForEncodings = 0;
			knownRegions = (
				en,
				Base,
			);
			mainGroup = 3FC62FF72147DC8600B747A0;
			productRefGroup = 3FC630012147DC8600B747A0 /* Products */;
			projectDirPath = "";
			projectRoot = "";
			targets = (
				3FC62FFF2147DC8600B747A0 /* HXRouter */,
				3FC630172147DC8800B747A0 /* HXRouterTests */,
				3FC630222147DC8800B747A0 /* HXRouterUITests */,
			);
		};
/* End PBXProject section */

/* Begin PBXResourcesBuildPhase section */
		3FC62FFE2147DC8600B747A0 /* Resources */ = {
			isa = PBXResourcesBuildPhase;
			buildActionMask = 2147483647;
			files = (
				3FC630102147DC8800B747A0 /* LaunchScreen.storyboard in Resources */,
				3FC6300D2147DC8800B747A0 /* Assets.xcassets in Resources */,
				3FC6300B2147DC8600B747A0 /* Main.storyboard in Resources */,
			);
			runOnlyForDeploymentPostprocessing = 0;
		};
		3FC630162147DC8800B747A0 /* Resources */ = {
			isa = PBXResourcesBuildPhase;
			buildActionMask = 2147483647;
			files = (
			);
			runOnlyForDeploymentPostprocessing = 0;
		};
		3FC630212147DC8800B747A0 /* Resources */ = {
			isa = PBXResourcesBuildPhase;
			buildActionMask = 2147483647;
			files = (
			);
			runOnlyForDeploymentPostprocessing = 0;
		};
/* End PBXResourcesBuildPhase section */

/* Begin PBXSourcesBuildPhase section */
		3FC62FFC2147DC8600B747A0 /* Sources */ = {
			isa = PBXSourcesBuildPhase;
			buildActionMask = 2147483647;
			files = (
				3FC630082147DC8600B747A0 /* ViewController.m in Sources */,
				3FC630482147DCA400B747A0 /* HXURLContext.m in Sources */,
				3FC630132147DC8800B747A0 /* main.m in Sources */,
				3FC630472147DCA400B747A0 /* HXRouteRecode.m in Sources */,
				3FC630492147DCA400B747A0 /* UIViewController+THXRouter.m in Sources */,
				3FC630462147DCA400B747A0 /* HXURLRouter.m in Sources */,
				3FC630452147DCA400B747A0 /* HXRouteFunction.m in Sources */,
				3FC630052147DC8600B747A0 /* AppDelegate.m in Sources */,
				3FC630442147DCA400B747A0 /* HXRouteRequest.m in Sources */,
			);
			runOnlyForDeploymentPostprocessing = 0;
		};
		3FC630142147DC8800B747A0 /* Sources */ = {
			isa = PBXSourcesBuildPhase;
			buildActionMask = 2147483647;
			files = (
				3FC6301D2147DC8800B747A0 /* HXRouterTests.m in Sources */,
			);
			runOnlyForDeploymentPostprocessing = 0;
		};
		3FC6301F2147DC8800B747A0 /* Sources */ = {
			isa = PBXSourcesBuildPhase;
			buildActionMask = 2147483647;
			files = (
				3FC630282147DC8800B747A0 /* HXRouterUITests.m in Sources */,
			);
			runOnlyForDeploymentPostprocessing = 0;
		};
/* End PBXSourcesBuildPhase section */

/* Begin PBXTargetDependency section */
		3FC6301A2147DC8800B747A0 /* PBXTargetDependency */ = {
			isa = PBXTargetDependency;
			target = 3FC62FFF2147DC8600B747A0 /* HXRouter */;
			targetProxy = 3FC630192147DC8800B747A0 /* PBXContainerItemProxy */;
		};
		3FC630252147DC8800B747A0 /* PBXTargetDependency */ = {
			isa = PBXTargetDependency;
			target = 3FC62FFF2147DC8600B747A0 /* HXRouter */;
			targetProxy = 3FC630242147DC8800B747A0 /* PBXContainerItemProxy */;
		};
/* End PBXTargetDependency section */

/* Begin PBXVariantGroup section */
		3FC630092147DC8600B747A0 /* Main.storyboard */ = {
			isa = PBXVariantGroup;
			children = (
				3FC6300A2147DC8600B747A0 /* Base */,
			);
			name = Main.storyboard;
			sourceTree = "<group>";
		};
		3FC6300E2147DC8800B747A0 /* LaunchScreen.storyboard */ = {
			isa = PBXVariantGroup;
			children = (
				3FC6300F2147DC8800B747A0 /* Base */,
			);
			name = LaunchScreen.storyboard;
			sourceTree = "<group>";
		};
/* End PBXVariantGroup section */

/* Begin XCBuildConfiguration section */
		3FC6302A2147DC8800B747A0 /* Debug */ = {
			isa = XCBuildConfiguration;
			buildSettings = {
				ALWAYS_SEARCH_USER_PATHS = NO;
				CLANG_ANALYZER_NONNULL = YES;
				CLANG_ANALYZER_NUMBER_OBJECT_CONVERSION = YES_AGGRESSIVE;
				CLANG_CXX_LANGUAGE_STANDARD = "gnu++14";
				CLANG_CXX_LIBRARY = "libc++";
				CLANG_ENABLE_MODULES = YES;
				CLANG_ENABLE_OBJC_ARC = YES;
				CLANG_ENABLE_OBJC_WEAK = YES;
				CLANG_WARN_BLOCK_CAPTURE_AUTORELEASING = YES;
				CLANG_WARN_BOOL_CONVERSION = YES;
				CLANG_WARN_COMMA = YES;
				CLANG_WARN_CONSTANT_CONVERSION = YES;
				CLANG_WARN_DEPRECATED_OBJC_IMPLEMENTATIONS = YES;
				CLANG_WARN_DIRECT_OBJC_ISA_USAGE = YES_ERROR;
				CLANG_WARN_DOCUMENTATION_COMMENTS = YES;
				CLANG_WARN_EMPTY_BODY = YES;
				CLANG_WARN_ENUM_CONVERSION = YES;
				CLANG_WARN_INFINITE_RECURSION = YES;
				CLANG_WARN_INT_CONVERSION = YES;
				CLANG_WARN_NON_LITERAL_NULL_CONVERSION = YES;
				CLANG_WARN_OBJC_IMPLICIT_RETAIN_SELF = YES;
				CLANG_WARN_OBJC_LITERAL_CONVERSION = YES;
				CLANG_WARN_OBJC_ROOT_CLASS = YES_ERROR;
				CLANG_WARN_RANGE_LOOP_ANALYSIS = YES;
				CLANG_WARN_STRICT_PROTOTYPES = YES;
				CLANG_WARN_SUSPICIOUS_MOVE = YES;
				CLANG_WARN_UNGUARDED_AVAILABILITY = YES_AGGRESSIVE;
				CLANG_WARN_UNREACHABLE_CODE = YES;
				CLANG_WARN__DUPLICATE_METHOD_MATCH = YES;
				CODE_SIGN_IDENTITY = "iPhone Developer";
				COPY_PHASE_STRIP = NO;
				DEBUG_INFORMATION_FORMAT = dwarf;
				ENABLE_STRICT_OBJC_MSGSEND = YES;
				ENABLE_TESTABILITY = YES;
				GCC_C_LANGUAGE_STANDARD = gnu11;
				GCC_DYNAMIC_NO_PIC = NO;
				GCC_NO_COMMON_BLOCKS = YES;
				GCC_OPTIMIZATION_LEVEL = 0;
				GCC_PREPROCESSOR_DEFINITIONS = (
					"DEBUG=1",
					"$(inherited)",
				);
				GCC_WARN_64_TO_32_BIT_CONVERSION = YES;
				GCC_WARN_ABOUT_RETURN_TYPE = YES_ERROR;
				GCC_WARN_UNDECLARED_SELECTOR = YES;
				GCC_WARN_UNINITIALIZED_AUTOS = YES_AGGRESSIVE;
				GCC_WARN_UNUSED_FUNCTION = YES;
				GCC_WARN_UNUSED_VARIABLE = YES;
				IPHONEOS_DEPLOYMENT_TARGET = 11.4;
				MTL_ENABLE_DEBUG_INFO = YES;
				ONLY_ACTIVE_ARCH = YES;
				SDKROOT = iphoneos;
			};
			name = Debug;
		};
		3FC6302B2147DC8800B747A0 /* Release */ = {
			isa = XCBuildConfiguration;
			buildSettings = {
				ALWAYS_SEARCH_USER_PATHS = NO;
				CLANG_ANALYZER_NONNULL = YES;
				CLANG_ANALYZER_NUMBER_OBJECT_CONVERSION = YES_AGGRESSIVE;
				CLANG_CXX_LANGUAGE_STANDARD = "gnu++14";
				CLANG_CXX_LIBRARY = "libc++";
				CLANG_ENABLE_MODULES = YES;
				CLANG_ENABLE_OBJC_ARC = YES;
				CLANG_ENABLE_OBJC_WEAK = YES;
				CLANG_WARN_BLOCK_CAPTURE_AUTORELEASING = YES;
				CLANG_WARN_BOOL_CONVERSION = YES;
				CLANG_WARN_COMMA = YES;
				CLANG_WARN_CONSTANT_CONVERSION = YES;
				CLANG_WARN_DEPRECATED_OBJC_IMPLEMENTATIONS = YES;
				CLANG_WARN_DIRECT_OBJC_ISA_USAGE = YES_ERROR;
				CLANG_WARN_DOCUMENTATION_COMMENTS = YES;
				CLANG_WARN_EMPTY_BODY = YES;
				CLANG_WARN_ENUM_CONVERSION = YES;
				CLANG_WARN_INFINITE_RECURSION = YES;
				CLANG_WARN_INT_CONVERSION = YES;
				CLANG_WARN_NON_LITERAL_NULL_CONVERSION = YES;
				CLANG_WARN_OBJC_IMPLICIT_RETAIN_SELF = YES;
				CLANG_WARN_OBJC_LITERAL_CONVERSION = YES;
				CLANG_WARN_OBJC_ROOT_CLASS = YES_ERROR;
				CLANG_WARN_RANGE_LOOP_ANALYSIS = YES;
				CLANG_WARN_STRICT_PROTOTYPES = YES;
				CLANG_WARN_SUSPICIOUS_MOVE = YES;
				CLANG_WARN_UNGUARDED_AVAILABILITY = YES_AGGRESSIVE;
				CLANG_WARN_UNREACHABLE_CODE = YES;
				CLANG_WARN__DUPLICATE_METHOD_MATCH = YES;
				CODE_SIGN_IDENTITY = "iPhone Developer";
				COPY_PHASE_STRIP = NO;
				DEBUG_INFORMATION_FORMAT = "dwarf-with-dsym";
				ENABLE_NS_ASSERTIONS = NO;
				ENABLE_STRICT_OBJC_MSGSEND = YES;
				GCC_C_LANGUAGE_STANDARD = gnu11;
				GCC_NO_COMMON_BLOCKS = YES;
				GCC_WARN_64_TO_32_BIT_CONVERSION = YES;
				GCC_WARN_ABOUT_RETURN_TYPE = YES_ERROR;
				GCC_WARN_UNDECLARED_SELECTOR = YES;
				GCC_WARN_UNINITIALIZED_AUTOS = YES_AGGRESSIVE;
				GCC_WARN_UNUSED_FUNCTION = YES;
				GCC_WARN_UNUSED_VARIABLE = YES;
				IPHONEOS_DEPLOYMENT_TARGET = 11.4;
				MTL_ENABLE_DEBUG_INFO = NO;
				SDKROOT = iphoneos;
				VALIDATE_PRODUCT = YES;
			};
			name = Release;
		};
		3FC6302D2147DC8800B747A0 /* Debug */ = {
			isa = XCBuildConfiguration;
			buildSettings = {
				ASSETCATALOG_COMPILER_APPICON_NAME = AppIcon;
				CODE_SIGN_STYLE = Automatic;
				INFOPLIST_FILE = HXRouter/Info.plist;
				LD_RUNPATH_SEARCH_PATHS = (
					"$(inherited)",
					"@executable_path/Frameworks",
				);
				PRODUCT_BUNDLE_IDENTIFIER = DaHai.com.HXRouter;
				PRODUCT_NAME = "$(TARGET_NAME)";
				TARGETED_DEVICE_FAMILY = "1,2";
			};
			name = Debug;
		};
		3FC6302E2147DC8800B747A0 /* Release */ = {
			isa = XCBuildConfiguration;
			buildSettings = {
				ASSETCATALOG_COMPILER_APPICON_NAME = AppIcon;
				CODE_SIGN_STYLE = Automatic;
				INFOPLIST_FILE = HXRouter/Info.plist;
				LD_RUNPATH_SEARCH_PATHS = (
					"$(inherited)",
					"@executable_path/Frameworks",
				);
				PRODUCT_BUNDLE_IDENTIFIER = DaHai.com.HXRouter;
				PRODUCT_NAME = "$(TARGET_NAME)";
				TARGETED_DEVICE_FAMILY = "1,2";
			};
			name = Release;
		};
		3FC630302147DC8800B747A0 /* Debug */ = {
			isa = XCBuildConfiguration;
			buildSettings = {
				BUNDLE_LOADER = "$(TEST_HOST)";
				CODE_SIGN_STYLE = Automatic;
				INFOPLIST_FILE = HXRouterTests/Info.plist;
				LD_RUNPATH_SEARCH_PATHS = (
					"$(inherited)",
					"@executable_path/Frameworks",
					"@loader_path/Frameworks",
				);
				PRODUCT_BUNDLE_IDENTIFIER = DaHai.com.HXRouterTests;
				PRODUCT_NAME = "$(TARGET_NAME)";
				TARGETED_DEVICE_FAMILY = "1,2";
				TEST_HOST = "$(BUILT_PRODUCTS_DIR)/HXRouter.app/HXRouter";
			};
			name = Debug;
		};
		3FC630312147DC8800B747A0 /* Release */ = {
			isa = XCBuildConfiguration;
			buildSettings = {
				BUNDLE_LOADER = "$(TEST_HOST)";
				CODE_SIGN_STYLE = Automatic;
				INFOPLIST_FILE = HXRouterTests/Info.plist;
				LD_RUNPATH_SEARCH_PATHS = (
					"$(inherited)",
					"@executable_path/Frameworks",
					"@loader_path/Frameworks",
				);
				PRODUCT_BUNDLE_IDENTIFIER = DaHai.com.HXRouterTests;
				PRODUCT_NAME = "$(TARGET_NAME)";
				TARGETED_DEVICE_FAMILY = "1,2";
				TEST_HOST = "$(BUILT_PRODUCTS_DIR)/HXRouter.app/HXRouter";
			};
			name = Release;
		};
		3FC630332147DC8800B747A0 /* Debug */ = {
			isa = XCBuildConfiguration;
			buildSettings = {
				CODE_SIGN_STYLE = Automatic;
				INFOPLIST_FILE = HXRouterUITests/Info.plist;
				LD_RUNPATH_SEARCH_PATHS = (
					"$(inherited)",
					"@executable_path/Frameworks",
					"@loader_path/Frameworks",
				);
				PRODUCT_BUNDLE_IDENTIFIER = DaHai.com.HXRouterUITests;
				PRODUCT_NAME = "$(TARGET_NAME)";
				TARGETED_DEVICE_FAMILY = "1,2";
				TEST_TARGET_NAME = HXRouter;
			};
			name = Debug;
		};
		3FC630342147DC8800B747A0 /* Release */ = {
			isa = XCBuildConfiguration;
			buildSettings = {
				CODE_SIGN_STYLE = Automatic;
				INFOPLIST_FILE = HXRouterUITests/Info.plist;
				LD_RUNPATH_SEARCH_PATHS = (
					"$(inherited)",
					"@executable_path/Frameworks",
					"@loader_path/Frameworks",
				);
				PRODUCT_BUNDLE_IDENTIFIER = DaHai.com.HXRouterUITests;
				PRODUCT_NAME = "$(TARGET_NAME)";
				TARGETED_DEVICE_FAMILY = "1,2";
				TEST_TARGET_NAME = HXRouter;
			};
			name = Release;
		};
/* End XCBuildConfiguration section */

/* Begin XCConfigurationList section */
		3FC62FFB2147DC8600B747A0 /* Build configuration list for PBXProject "HXRouter" */ = {
			isa = XCConfigurationList;
			buildConfigurations = (
				3FC6302A2147DC8800B747A0 /* Debug */,
				3FC6302B2147DC8800B747A0 /* Release */,
			);
			defaultConfigurationIsVisible = 0;
			defaultConfigurationName = Release;
		};
		3FC6302C2147DC8800B747A0 /* Build configuration list for PBXNativeTarget "HXRouter" */ = {
			isa = XCConfigurationList;
			buildConfigurations = (
				3FC6302D2147DC8800B747A0 /* Debug */,
				3FC6302E2147DC8800B747A0 /* Release */,
			);
			defaultConfigurationIsVisible = 0;
			defaultConfigurationName = Release;
		};
		3FC6302F2147DC8800B747A0 /* Build configuration list for PBXNativeTarget "HXRouterTests" */ = {
			isa = XCConfigurationList;
			buildConfigurations = (
				3FC630302147DC8800B747A0 /* Debug */,
				3FC630312147DC8800B747A0 /* Release */,
			);
			defaultConfigurationIsVisible = 0;
			defaultConfigurationName = Release;
		};
		3FC630322147DC8800B747A0 /* Build configuration list for PBXNativeTarget "HXRouterUITests" */ = {
			isa = XCConfigurationList;
			buildConfigurations = (
				3FC630332147DC8800B747A0 /* Debug */,
				3FC630342147DC8800B747A0 /* Release */,
			);
			defaultConfigurationIsVisible = 0;
			defaultConfigurationName = Release;
		};
/* End XCConfigurationList section */
	};
	rootObject = 3FC62FF82147DC8600B747A0 /* Project object */;
}
